
Microsoft Visual Studio Solution File, Format Version 12.00
# Visual Studio Version 17
VisualStudioVersion = 17.1.32421.90
MinimumVisualStudioVersion = 10.0.40219.1
Project("{FAE04EC0-301F-11D3-BF4B-00C04F79EFBC}") = "Flappy Bird windows form", "Flappy Bird windows form\Flappy Bird windows form.csproj", "{C59CDF10-D1D9-4AF2-B3A7-AC7BABB5C3CA}"
EndProject
Global
	GlobalSection(SolutionConfigurationPlatforms) = preSolution
		Debug|Any CPU = Debug|Any CPU
		Release|Any CPU = Release|Any CPU
	EndGlobalSection
	GlobalSection(ProjectConfigurationPlatforms) = postSolution
		{C59CDF10-D1D9-4AF2-B3A7-AC7BABB5C3CA}.Debug|Any CPU.ActiveCfg = Debug|Any CPU
		{C59CDF10-D1D9-4AF2-B3A7-AC7BABB5C3CA}.Debug|Any CPU.Build.0 = Debug|Any CPU
		{C59CDF10-D1D9-4AF2-B3A7-AC7BABB5C3CA}.Release|Any CPU.ActiveCfg = Release|Any CPU
		{C59CDF10-D1D9-4AF2-B3A7-AC7BABB5C3CA}.Release|Any CPU.Build.0 = Release|Any CPU
	EndGlobalSection
	GlobalSection(SolutionProperties) = preSolution
		HideSolutionNode = FALSE
	EndGlobalSection
	GlobalSection(ExtensibilityGlobals) = postSolution
		SolutionGuid = {59589C2F-3330-4723-8F54-2CA952FD02BE}
	EndGlobalSection
EndGlobal
